
Microsoft Visual Studio Solution File, Format Version 12.00
# Visual Studio 15
VisualStudioVersion = 15.0.26124.0
MinimumVisualStudioVersion = 15.0.26124.0
Project("{FAE04EC0-301F-11D3-BF4B-00C04F79EFBC}") = "Flowers.Core", "Flowers.Core\Flowers.Core.csproj", "{24357461-DC1F-4B6F-B084-F36F94C7C19C}"
EndProject
Project("{FAE04EC0-301F-11D3-BF4B-00C04F79EFBC}") = "Flowers.Infra", "Flowers.Infra\Flowers.Infra.csproj", "{926DB7B3-C535-4F0E-A543-35B2926F5B59}"
EndProject
Project("{FAE04EC0-301F-11D3-BF4B-00C04F79EFBC}") = "Flowers.Test", "Flowers.Test\Flowers.Test.csproj", "{9F250B54-768F-480E-8E85-EA62DC48CD28}"
EndProject
Project("{FAE04EC0-301F-11D3-BF4B-00C04F79EFBC}") = "Flowers.WebUI", "Flowers.WebUI\Flowers.WebUI.csproj", "{B29DBE89-F9C6-43A2-B698-FEB745777394}"
EndProject
Global
	GlobalSection(SolutionConfigurationPlatforms) = preSolution
		Debug|Any CPU = Debug|Any CPU
		Debug|x64 = Debug|x64
		Debug|x86 = Debug|x86
		Release|Any CPU = Release|Any CPU
		Release|x64 = Release|x64
		Release|x86 = Release|x86
	EndGlobalSection
	GlobalSection(SolutionProperties) = preSolution
		HideSolutionNode = FALSE
	EndGlobalSection
	GlobalSection(ProjectConfigurationPlatforms) = postSolution
		{24357461-DC1F-4B6F-B084-F36F94C7C19C}.Debug|Any CPU.ActiveCfg = Debug|Any CPU
		{24357461-DC1F-4B6F-B084-F36F94C7C19C}.Debug|Any CPU.Build.0 = Debug|Any CPU
		{24357461-DC1F-4B6F-B084-F36F94C7C19C}.Debug|x64.ActiveCfg = Debug|Any CPU
		{24357461-DC1F-4B6F-B084-F36F94C7C19C}.Debug|x64.Build.0 = Debug|Any CPU
		{24357461-DC1F-4B6F-B084-F36F94C7C19C}.Debug|x86.ActiveCfg = Debug|Any CPU
		{24357461-DC1F-4B6F-B084-F36F94C7C19C}.Debug|x86.Build.0 = Debug|Any CPU
		{24357461-DC1F-4B6F-B084-F36F94C7C19C}.Release|Any CPU.ActiveCfg = Release|Any CPU
		{24357461-DC1F-4B6F-B084-F36F94C7C19C}.Release|Any CPU.Build.0 = Release|Any CPU
		{24357461-DC1F-4B6F-B084-F36F94C7C19C}.Release|x64.ActiveCfg = Release|Any CPU
		{24357461-DC1F-4B6F-B084-F36F94C7C19C}.Release|x64.Build.0 = Release|Any CPU
		{24357461-DC1F-4B6F-B084-F36F94C7C19C}.Release|x86.ActiveCfg = Release|Any CPU
		{24357461-DC1F-4B6F-B084-F36F94C7C19C}.Release|x86.Build.0 = Release|Any CPU
		{926DB7B3-C535-4F0E-A543-35B2926F5B59}.Debug|Any CPU.ActiveCfg = Debug|Any CPU
		{926DB7B3-C535-4F0E-A543-35B2926F5B59}.Debug|Any CPU.Build.0 = Debug|Any CPU
		{926DB7B3-C535-4F0E-A543-35B2926F5B59}.Debug|x64.ActiveCfg = Debug|Any CPU
		{926DB7B3-C535-4F0E-A543-35B2926F5B59}.Debug|x64.Build.0 = Debug|Any CPU
		{926DB7B3-C535-4F0E-A543-35B2926F5B59}.Debug|x86.ActiveCfg = Debug|Any CPU
		{926DB7B3-C535-4F0E-A543-35B2926F5B59}.Debug|x86.Build.0 = Debug|Any CPU
		{926DB7B3-C535-4F0E-A543-35B2926F5B59}.Release|Any CPU.ActiveCfg = Release|Any CPU
		{926DB7B3-C535-4F0E-A543-35B2926F5B59}.Release|Any CPU.Build.0 = Release|Any CPU
		{926DB7B3-C535-4F0E-A543-35B2926F5B59}.Release|x64.ActiveCfg = Release|Any CPU
		{926DB7B3-C535-4F0E-A543-35B2926F5B59}.Release|x64.Build.0 = Release|Any CPU
		{926DB7B3-C535-4F0E-A543-35B2926F5B59}.Release|x86.ActiveCfg = Release|Any CPU
		{926DB7B3-C535-4F0E-A543-35B2926F5B59}.Release|x86.Build.0 = Release|Any CPU
		{9F250B54-768F-480E-8E85-EA62DC48CD28}.Debug|Any CPU.ActiveCfg = Debug|Any CPU
		{9F250B54-768F-480E-8E85-EA62DC48CD28}.Debug|Any CPU.Build.0 = Debug|Any CPU
		{9F250B54-768F-480E-8E85-EA62DC48CD28}.Debug|x64.ActiveCfg = Debug|Any CPU
		{9F250B54-768F-480E-8E85-EA62DC48CD28}.Debug|x64.Build.0 = Debug|Any CPU
		{9F250B54-768F-480E-8E85-EA62DC48CD28}.Debug|x86.ActiveCfg = Debug|Any CPU
		{9F250B54-768F-480E-8E85-EA62DC48CD28}.Debug|x86.Build.0 = Debug|Any CPU
		{9F250B54-768F-480E-8E85-EA62DC48CD28}.Release|Any CPU.ActiveCfg = Release|Any CPU
		{9F250B54-768F-480E-8E85-EA62DC48CD28}.Release|Any CPU.Build.0 = Release|Any CPU
		{9F250B54-768F-480E-8E85-EA62DC48CD28}.Release|x64.ActiveCfg = Release|Any CPU
		{9F250B54-768F-480E-8E85-EA62DC48CD28}.Release|x64.Build.0 = Release|Any CPU
		{9F250B54-768F-480E-8E85-EA62DC48CD28}.Release|x86.ActiveCfg = Release|Any CPU
		{9F250B54-768F-480E-8E85-EA62DC48CD28}.Release|x86.Build.0 = Release|Any CPU
		{B29DBE89-F9C6-43A2-B698-FEB745777394}.Debug|Any CPU.ActiveCfg = Debug|Any CPU
		{B29DBE89-F9C6-43A2-B698-FEB745777394}.Debug|Any CPU.Build.0 = Debug|Any CPU
		{B29DBE89-F9C6-43A2-B698-FEB745777394}.Debug|x64.ActiveCfg = Debug|Any CPU
		{B29DBE89-F9C6-43A2-B698-FEB745777394}.Debug|x64.Build.0 = Debug|Any CPU
		{B29DBE89-F9C6-43A2-B698-FEB745777394}.Debug|x86.ActiveCfg = Debug|Any CPU
		{B29DBE89-F9C6-43A2-B698-FEB745777394}.Debug|x86.Build.0 = Debug|Any CPU
		{B29DBE89-F9C6-43A2-B698-FEB745777394}.Release|Any CPU.ActiveCfg = Release|Any CPU
		{B29DBE89-F9C6-43A2-B698-FEB745777394}.Release|Any CPU.Build.0 = Release|Any CPU
		{B29DBE89-F9C6-43A2-B698-FEB745777394}.Release|x64.ActiveCfg = Release|Any CPU
		{B29DBE89-F9C6-43A2-B698-FEB745777394}.Release|x64.Build.0 = Release|Any CPU
		{B29DBE89-F9C6-43A2-B698-FEB745777394}.Release|x86.ActiveCfg = Release|Any CPU
		{B29DBE89-F9C6-43A2-B698-FEB745777394}.Release|x86.Build.0 = Release|Any CPU
	EndGlobalSection
EndGlobal
